// !$*UTF8*$!
{
	archiveVersion = 1;
	classes = {
	};
	objectVersion = 56;
	objects = {

/* Begin PBXBuildFile section */
		76E3ED812B19B3C900464B7F /* Conversation.swift in Sources */ = {isa = PBXBuildFile; fileRef = 76E3ED802B19B3C900464B7F /* Conversation.swift */; };
		76E9BDD22B194E4000B512A9 /* ActualiteCardView.swift in Sources */ = {isa = PBXBuildFile; fileRef = 76E9BDD12B194E4000B512A9 /* ActualiteCardView.swift */; };
		76E9BDD42B194E7C00B512A9 /* ActualiteDetailsView.swift in Sources */ = {isa = PBXBuildFile; fileRef = 76E9BDD32B194E7C00B512A9 /* ActualiteDetailsView.swift */; };
		76E9BDD62B194EDB00B512A9 /* ActualiteListView.swift in Sources */ = {isa = PBXBuildFile; fileRef = 76E9BDD52B194EDB00B512A9 /* ActualiteListView.swift */; };
		76E9BDD82B19527800B512A9 /* Actualite.swift in Sources */ = {isa = PBXBuildFile; fileRef = 76E9BDD72B19527800B512A9 /* Actualite.swift */; };
		76E9BDDB2B19558500B512A9 /* ReclamationCardView.swift in Sources */ = {isa = PBXBuildFile; fileRef = 76E9BDDA2B19558500B512A9 /* ReclamationCardView.swift */; };
		76E9BDDD2B1972D300B512A9 /* ReclamationListView.swift in Sources */ = {isa = PBXBuildFile; fileRef = 76E9BDDC2B1972D300B512A9 /* ReclamationListView.swift */; };
		822CBECC2B18008F00769D45 /* RegisterView.swift in Sources */ = {isa = PBXBuildFile; fileRef = 822CBECA2B18008F00769D45 /* RegisterView.swift */; };
		822CBECD2B18008F00769D45 /* LoginView.swift in Sources */ = {isa = PBXBuildFile; fileRef = 822CBECB2B18008F00769D45 /* LoginView.swift */; };
		822CBED32B18025800769D45 /* PasswordInputField.swift in Sources */ = {isa = PBXBuildFile; fileRef = 822CBED12B18025800769D45 /* PasswordInputField.swift */; };
		822CBED42B18025800769D45 /* TextInputField.swift in Sources */ = {isa = PBXBuildFile; fileRef = 822CBED22B18025800769D45 /* TextInputField.swift */; };
		D44CD79E2B173C0D002294CE /* EventEditView.swift in Sources */ = {isa = PBXBuildFile; fileRef = D44CD79D2B173C0D002294CE /* EventEditView.swift */; };
		D44CD7A02B174490002294CE /* EventAddView.swift in Sources */ = {isa = PBXBuildFile; fileRef = D44CD79F2B174490002294CE /* EventAddView.swift */; };
		D44CD7A22B174EF2002294CE /* EventViewModel.swift in Sources */ = {isa = PBXBuildFile; fileRef = D44CD7A12B174EF2002294CE /* EventViewModel.swift */; };
		D44CD7A42B175D23002294CE /* MyEventViewModel.swift in Sources */ = {isa = PBXBuildFile; fileRef = D44CD7A32B175D23002294CE /* MyEventViewModel.swift */; };
		D45E7A922B14B0F2000F0A9C /* SplashScreen2View.swift in Sources */ = {isa = PBXBuildFile; fileRef = D45E7A912B14B0F2000F0A9C /* SplashScreen2View.swift */; };
		D45E7A942B14B16D000F0A9C /* SplashScreen3View.swift in Sources */ = {isa = PBXBuildFile; fileRef = D45E7A932B14B16D000F0A9C /* SplashScreen3View.swift */; };
		D45E7A962B14B290000F0A9C /* SplashScreen4View.swift in Sources */ = {isa = PBXBuildFile; fileRef = D45E7A952B14B290000F0A9C /* SplashScreen4View.swift */; };
		D4BFF9852B14FE710050DC80 /* Event.swift in Sources */ = {isa = PBXBuildFile; fileRef = D4BFF9842B14FE710050DC80 /* Event.swift */; };
		D4BFF9872B15005D0050DC80 /* Participation.swift in Sources */ = {isa = PBXBuildFile; fileRef = D4BFF9862B15005D0050DC80 /* Participation.swift */; };
		D4BFF98C2B15020C0050DC80 /* EventCardView.swift in Sources */ = {isa = PBXBuildFile; fileRef = D4BFF98B2B15020C0050DC80 /* EventCardView.swift */; };
		D4BFF98E2B15059D0050DC80 /* EventListView.swift in Sources */ = {isa = PBXBuildFile; fileRef = D4BFF98D2B15059D0050DC80 /* EventListView.swift */; };
		D4BFF9902B1507510050DC80 /* EventDetailsView.swift in Sources */ = {isa = PBXBuildFile; fileRef = D4BFF98F2B1507510050DC80 /* EventDetailsView.swift */; };
		D4C23E332B148B30002B0E10 /* Aqua_GuardApp.swift in Sources */ = {isa = PBXBuildFile; fileRef = D4C23E322B148B30002B0E10 /* Aqua_GuardApp.swift */; };
		D4C23E352B148B30002B0E10 /* ContentView.swift in Sources */ = {isa = PBXBuildFile; fileRef = D4C23E342B148B30002B0E10 /* ContentView.swift */; };
		D4C23E372B148B31002B0E10 /* Assets.xcassets in Resources */ = {isa = PBXBuildFile; fileRef = D4C23E362B148B31002B0E10 /* Assets.xcassets */; };
		D4C23E3A2B148B31002B0E10 /* Preview Assets.xcassets in Resources */ = {isa = PBXBuildFile; fileRef = D4C23E392B148B31002B0E10 /* Preview Assets.xcassets */; };
		D4C23E3C2B148B31002B0E10 /* Persistence.swift in Sources */ = {isa = PBXBuildFile; fileRef = D4C23E3B2B148B31002B0E10 /* Persistence.swift */; };
		D4C23E3F2B148B31002B0E10 /* Aqua_Guard.xcdatamodeld in Sources */ = {isa = PBXBuildFile; fileRef = D4C23E3D2B148B31002B0E10 /* Aqua_Guard.xcdatamodeld */; };
		D4C23E492B148B31002B0E10 /* Aqua_GuardTests.swift in Sources */ = {isa = PBXBuildFile; fileRef = D4C23E482B148B31002B0E10 /* Aqua_GuardTests.swift */; };
		D4C23E532B148B31002B0E10 /* Aqua_GuardUITests.swift in Sources */ = {isa = PBXBuildFile; fileRef = D4C23E522B148B31002B0E10 /* Aqua_GuardUITests.swift */; };
		D4C23E552B148B31002B0E10 /* Aqua_GuardUITestsLaunchTests.swift in Sources */ = {isa = PBXBuildFile; fileRef = D4C23E542B148B31002B0E10 /* Aqua_GuardUITestsLaunchTests.swift */; };
		D4C23E642B149FDC002B0E10 /* SplashScreenView.swift in Sources */ = {isa = PBXBuildFile; fileRef = D4C23E632B149FDC002B0E10 /* SplashScreenView.swift */; };
		D4C23E662B14A8A3002B0E10 /* SplashScreen1View.swift in Sources */ = {isa = PBXBuildFile; fileRef = D4C23E652B14A8A3002B0E10 /* SplashScreen1View.swift */; };
		E816FF662B16475C007538BF /* DrawerMenuModel.swift in Sources */ = {isa = PBXBuildFile; fileRef = E816FF652B16475C007538BF /* DrawerMenuModel.swift */; };
		E816FF692B1647C6007538BF /* DrawerMenuButton.swift in Sources */ = {isa = PBXBuildFile; fileRef = E816FF682B1647C6007538BF /* DrawerMenuButton.swift */; };
		E816FF6B2B164839007538BF /* Drawer.swift in Sources */ = {isa = PBXBuildFile; fileRef = E816FF6A2B164839007538BF /* Drawer.swift */; };
		E816FF6D2B164870007538BF /* Home.swift in Sources */ = {isa = PBXBuildFile; fileRef = E816FF6C2B164870007538BF /* Home.swift */; };
		E816FF702B1648E8007538BF /* MyCalendar.swift in Sources */ = {isa = PBXBuildFile; fileRef = E816FF6F2B1648E8007538BF /* MyCalendar.swift */; };
		E816FF722B164905007538BF /* Notification.swift in Sources */ = {isa = PBXBuildFile; fileRef = E816FF712B164905007538BF /* Notification.swift */; };
		E816FF742B164938007538BF /* MyEvents.swift in Sources */ = {isa = PBXBuildFile; fileRef = E816FF732B164938007538BF /* MyEvents.swift */; };
		E816FF762B164956007538BF /* MyPosts.swift in Sources */ = {isa = PBXBuildFile; fileRef = E816FF752B164956007538BF /* MyPosts.swift */; };
		E816FF782B16496E007538BF /* Command.swift in Sources */ = {isa = PBXBuildFile; fileRef = E816FF772B16496E007538BF /* Command.swift */; };
		E857A6C82B17E5BD00EC62DE /* Post.swift in Sources */ = {isa = PBXBuildFile; fileRef = E857A6C72B17E5BD00EC62DE /* Post.swift */; };
		E857A6CA2B17E5E900EC62DE /* Like.swift in Sources */ = {isa = PBXBuildFile; fileRef = E857A6C92B17E5E900EC62DE /* Like.swift */; };
		E857A6CC2B17E5FA00EC62DE /* Comment.swift in Sources */ = {isa = PBXBuildFile; fileRef = E857A6CB2B17E5FA00EC62DE /* Comment.swift */; };
		E857A6CF2B17E66000EC62DE /* PostCardView.swift in Sources */ = {isa = PBXBuildFile; fileRef = E857A6CE2B17E66000EC62DE /* PostCardView.swift */; };
		E857A6D12B17E69500EC62DE /* CommentCardView.swift in Sources */ = {isa = PBXBuildFile; fileRef = E857A6D02B17E69500EC62DE /* CommentCardView.swift */; };
		E857A6D32B17EA4600EC62DE /* PostListView.swift in Sources */ = {isa = PBXBuildFile; fileRef = E857A6D22B17EA4600EC62DE /* PostListView.swift */; };
		E8C391F82B188C6100EA3872 /* PostViewModel.swift in Sources */ = {isa = PBXBuildFile; fileRef = E8C391F72B188C6100EA3872 /* PostViewModel.swift */; };
		E8C391FA2B1899FB00EA3872 /* PostDetailView.swift in Sources */ = {isa = PBXBuildFile; fileRef = E8C391F92B1899FB00EA3872 /* PostDetailView.swift */; };
/* End PBXBuildFile section */

/* Begin PBXContainerItemProxy section */
		D4C23E452B148B31002B0E10 /* PBXContainerItemProxy */ = {
			isa = PBXContainerItemProxy;
			containerPortal = D4C23E272B148B30002B0E10 /* Project object */;
			proxyType = 1;
			remoteGlobalIDString = D4C23E2E2B148B30002B0E10;
			remoteInfo = "Aqua Guard";
		};
		D4C23E4F2B148B31002B0E10 /* PBXContainerItemProxy */ = {
			isa = PBXContainerItemProxy;
			containerPortal = D4C23E272B148B30002B0E10 /* Project object */;
			proxyType = 1;
			remoteGlobalIDString = D4C23E2E2B148B30002B0E10;
			remoteInfo = "Aqua Guard";
		};
/* End PBXContainerItemProxy section */

/* Begin PBXFileReference section */
		76E3ED802B19B3C900464B7F /* Conversation.swift */ = {isa = PBXFileReference; lastKnownFileType = sourcecode.swift; path = Conversation.swift; sourceTree = "<group>"; };
		76E9BDD12B194E4000B512A9 /* ActualiteCardView.swift */ = {isa = PBXFileReference; lastKnownFileType = sourcecode.swift; path = ActualiteCardView.swift; sourceTree = "<group>"; };
		76E9BDD32B194E7C00B512A9 /* ActualiteDetailsView.swift */ = {isa = PBXFileReference; lastKnownFileType = sourcecode.swift; path = ActualiteDetailsView.swift; sourceTree = "<group>"; };
		76E9BDD52B194EDB00B512A9 /* ActualiteListView.swift */ = {isa = PBXFileReference; lastKnownFileType = sourcecode.swift; path = ActualiteListView.swift; sourceTree = "<group>"; };
		76E9BDD72B19527800B512A9 /* Actualite.swift */ = {isa = PBXFileReference; lastKnownFileType = sourcecode.swift; path = Actualite.swift; sourceTree = "<group>"; };
		76E9BDDA2B19558500B512A9 /* ReclamationCardView.swift */ = {isa = PBXFileReference; lastKnownFileType = sourcecode.swift; path = ReclamationCardView.swift; sourceTree = "<group>"; };
		76E9BDDC2B1972D300B512A9 /* ReclamationListView.swift */ = {isa = PBXFileReference; lastKnownFileType = sourcecode.swift; path = ReclamationListView.swift; sourceTree = "<group>"; };
		822CBECA2B18008F00769D45 /* RegisterView.swift */ = {isa = PBXFileReference; fileEncoding = 4; lastKnownFileType = sourcecode.swift; path = RegisterView.swift; sourceTree = "<group>"; };
		822CBECB2B18008F00769D45 /* LoginView.swift */ = {isa = PBXFileReference; fileEncoding = 4; lastKnownFileType = sourcecode.swift; path = LoginView.swift; sourceTree = "<group>"; };
		822CBED12B18025800769D45 /* PasswordInputField.swift */ = {isa = PBXFileReference; fileEncoding = 4; lastKnownFileType = sourcecode.swift; path = PasswordInputField.swift; sourceTree = "<group>"; };
		822CBED22B18025800769D45 /* TextInputField.swift */ = {isa = PBXFileReference; fileEncoding = 4; lastKnownFileType = sourcecode.swift; path = TextInputField.swift; sourceTree = "<group>"; };
		D44CD79D2B173C0D002294CE /* EventEditView.swift */ = {isa = PBXFileReference; lastKnownFileType = sourcecode.swift; path = EventEditView.swift; sourceTree = "<group>"; };
		D44CD79F2B174490002294CE /* EventAddView.swift */ = {isa = PBXFileReference; lastKnownFileType = sourcecode.swift; path = EventAddView.swift; sourceTree = "<group>"; };
		D44CD7A12B174EF2002294CE /* EventViewModel.swift */ = {isa = PBXFileReference; lastKnownFileType = sourcecode.swift; path = EventViewModel.swift; sourceTree = "<group>"; };
		D44CD7A32B175D23002294CE /* MyEventViewModel.swift */ = {isa = PBXFileReference; lastKnownFileType = sourcecode.swift; path = MyEventViewModel.swift; sourceTree = "<group>"; };
		D45E7A912B14B0F2000F0A9C /* SplashScreen2View.swift */ = {isa = PBXFileReference; lastKnownFileType = sourcecode.swift; path = SplashScreen2View.swift; sourceTree = "<group>"; };
		D45E7A932B14B16D000F0A9C /* SplashScreen3View.swift */ = {isa = PBXFileReference; lastKnownFileType = sourcecode.swift; path = SplashScreen3View.swift; sourceTree = "<group>"; };
		D45E7A952B14B290000F0A9C /* SplashScreen4View.swift */ = {isa = PBXFileReference; lastKnownFileType = sourcecode.swift; path = SplashScreen4View.swift; sourceTree = "<group>"; };
		D4BFF9842B14FE710050DC80 /* Event.swift */ = {isa = PBXFileReference; lastKnownFileType = sourcecode.swift; path = Event.swift; sourceTree = "<group>"; };
		D4BFF9862B15005D0050DC80 /* Participation.swift */ = {isa = PBXFileReference; lastKnownFileType = sourcecode.swift; path = Participation.swift; sourceTree = "<group>"; };
		D4BFF98B2B15020C0050DC80 /* EventCardView.swift */ = {isa = PBXFileReference; lastKnownFileType = sourcecode.swift; path = EventCardView.swift; sourceTree = "<group>"; };
		D4BFF98D2B15059D0050DC80 /* EventListView.swift */ = {isa = PBXFileReference; lastKnownFileType = sourcecode.swift; path = EventListView.swift; sourceTree = "<group>"; };
		D4BFF98F2B1507510050DC80 /* EventDetailsView.swift */ = {isa = PBXFileReference; lastKnownFileType = sourcecode.swift; path = EventDetailsView.swift; sourceTree = "<group>"; };
		D4C23E2F2B148B30002B0E10 /* Aqua Guard.app */ = {isa = PBXFileReference; explicitFileType = wrapper.application; includeInIndex = 0; path = "Aqua Guard.app"; sourceTree = BUILT_PRODUCTS_DIR; };
		D4C23E322B148B30002B0E10 /* Aqua_GuardApp.swift */ = {isa = PBXFileReference; lastKnownFileType = sourcecode.swift; path = Aqua_GuardApp.swift; sourceTree = "<group>"; };
		D4C23E342B148B30002B0E10 /* ContentView.swift */ = {isa = PBXFileReference; lastKnownFileType = sourcecode.swift; path = ContentView.swift; sourceTree = "<group>"; };
		D4C23E362B148B31002B0E10 /* Assets.xcassets */ = {isa = PBXFileReference; lastKnownFileType = folder.assetcatalog; path = Assets.xcassets; sourceTree = "<group>"; };
		D4C23E392B148B31002B0E10 /* Preview Assets.xcassets */ = {isa = PBXFileReference; lastKnownFileType = folder.assetcatalog; path = "Preview Assets.xcassets"; sourceTree = "<group>"; };
		D4C23E3B2B148B31002B0E10 /* Persistence.swift */ = {isa = PBXFileReference; lastKnownFileType = sourcecode.swift; path = Persistence.swift; sourceTree = "<group>"; };
		D4C23E3E2B148B31002B0E10 /* Aqua_Guard.xcdatamodel */ = {isa = PBXFileReference; lastKnownFileType = wrapper.xcdatamodel; path = Aqua_Guard.xcdatamodel; sourceTree = "<group>"; };
		D4C23E442B148B31002B0E10 /* Aqua GuardTests.xctest */ = {isa = PBXFileReference; explicitFileType = wrapper.cfbundle; includeInIndex = 0; path = "Aqua GuardTests.xctest"; sourceTree = BUILT_PRODUCTS_DIR; };
		D4C23E482B148B31002B0E10 /* Aqua_GuardTests.swift */ = {isa = PBXFileReference; lastKnownFileType = sourcecode.swift; path = Aqua_GuardTests.swift; sourceTree = "<group>"; };
		D4C23E4E2B148B31002B0E10 /* Aqua GuardUITests.xctest */ = {isa = PBXFileReference; explicitFileType = wrapper.cfbundle; includeInIndex = 0; path = "Aqua GuardUITests.xctest"; sourceTree = BUILT_PRODUCTS_DIR; };
		D4C23E522B148B31002B0E10 /* Aqua_GuardUITests.swift */ = {isa = PBXFileReference; lastKnownFileType = sourcecode.swift; path = Aqua_GuardUITests.swift; sourceTree = "<group>"; };
		D4C23E542B148B31002B0E10 /* Aqua_GuardUITestsLaunchTests.swift */ = {isa = PBXFileReference; lastKnownFileType = sourcecode.swift; path = Aqua_GuardUITestsLaunchTests.swift; sourceTree = "<group>"; };
		D4C23E632B149FDC002B0E10 /* SplashScreenView.swift */ = {isa = PBXFileReference; lastKnownFileType = sourcecode.swift; path = SplashScreenView.swift; sourceTree = "<group>"; };
		D4C23E652B14A8A3002B0E10 /* SplashScreen1View.swift */ = {isa = PBXFileReference; lastKnownFileType = sourcecode.swift; path = SplashScreen1View.swift; sourceTree = "<group>"; };
		E816FF652B16475C007538BF /* DrawerMenuModel.swift */ = {isa = PBXFileReference; lastKnownFileType = sourcecode.swift; path = DrawerMenuModel.swift; sourceTree = "<group>"; };
		E816FF682B1647C6007538BF /* DrawerMenuButton.swift */ = {isa = PBXFileReference; lastKnownFileType = sourcecode.swift; path = DrawerMenuButton.swift; sourceTree = "<group>"; };
		E816FF6A2B164839007538BF /* Drawer.swift */ = {isa = PBXFileReference; lastKnownFileType = sourcecode.swift; path = Drawer.swift; sourceTree = "<group>"; };
		E816FF6C2B164870007538BF /* Home.swift */ = {isa = PBXFileReference; lastKnownFileType = sourcecode.swift; path = Home.swift; sourceTree = "<group>"; };
		E816FF6F2B1648E8007538BF /* MyCalendar.swift */ = {isa = PBXFileReference; lastKnownFileType = sourcecode.swift; path = MyCalendar.swift; sourceTree = "<group>"; };
		E816FF712B164905007538BF /* Notification.swift */ = {isa = PBXFileReference; lastKnownFileType = sourcecode.swift; path = Notification.swift; sourceTree = "<group>"; };
		E816FF732B164938007538BF /* MyEvents.swift */ = {isa = PBXFileReference; lastKnownFileType = sourcecode.swift; path = MyEvents.swift; sourceTree = "<group>"; };
		E816FF752B164956007538BF /* MyPosts.swift */ = {isa = PBXFileReference; lastKnownFileType = sourcecode.swift; path = MyPosts.swift; sourceTree = "<group>"; };
		E816FF772B16496E007538BF /* Command.swift */ = {isa = PBXFileReference; lastKnownFileType = sourcecode.swift; path = Command.swift; sourceTree = "<group>"; };
		E857A6C72B17E5BD00EC62DE /* Post.swift */ = {isa = PBXFileReference; lastKnownFileType = sourcecode.swift; path = Post.swift; sourceTree = "<group>"; };
		E857A6C92B17E5E900EC62DE /* Like.swift */ = {isa = PBXFileReference; lastKnownFileType = sourcecode.swift; path = Like.swift; sourceTree = "<group>"; };
		E857A6CB2B17E5FA00EC62DE /* Comment.swift */ = {isa = PBXFileReference; lastKnownFileType = sourcecode.swift; path = Comment.swift; sourceTree = "<group>"; };
		E857A6CE2B17E66000EC62DE /* PostCardView.swift */ = {isa = PBXFileReference; lastKnownFileType = sourcecode.swift; path = PostCardView.swift; sourceTree = "<group>"; };
		E857A6D02B17E69500EC62DE /* CommentCardView.swift */ = {isa = PBXFileReference; lastKnownFileType = sourcecode.swift; path = CommentCardView.swift; sourceTree = "<group>"; };
		E857A6D22B17EA4600EC62DE /* PostListView.swift */ = {isa = PBXFileReference; lastKnownFileType = sourcecode.swift; path = PostListView.swift; sourceTree = "<group>"; };
		E8C391F72B188C6100EA3872 /* PostViewModel.swift */ = {isa = PBXFileReference; lastKnownFileType = sourcecode.swift; path = PostViewModel.swift; sourceTree = "<group>"; };
		E8C391F92B1899FB00EA3872 /* PostDetailView.swift */ = {isa = PBXFileReference; lastKnownFileType = sourcecode.swift; path = PostDetailView.swift; sourceTree = "<group>"; };
/* End PBXFileReference section */

/* Begin PBXFrameworksBuildPhase section */
		D4C23E2C2B148B30002B0E10 /* Frameworks */ = {
			isa = PBXFrameworksBuildPhase;
			buildActionMask = 2147483647;
			files = (
			);
			runOnlyForDeploymentPostprocessing = 0;
		};
		D4C23E412B148B31002B0E10 /* Frameworks */ = {
			isa = PBXFrameworksBuildPhase;
			buildActionMask = 2147483647;
			files = (
			);
			runOnlyForDeploymentPostprocessing = 0;
		};
		D4C23E4B2B148B31002B0E10 /* Frameworks */ = {
			isa = PBXFrameworksBuildPhase;
			buildActionMask = 2147483647;
			files = (
			);
			runOnlyForDeploymentPostprocessing = 0;
		};
/* End PBXFrameworksBuildPhase section */

/* Begin PBXGroup section */
		76E9BDD02B194DF100B512A9 /* Actualite */ = {
			isa = PBXGroup;
			children = (
				76E9BDD12B194E4000B512A9 /* ActualiteCardView.swift */,
				76E9BDD32B194E7C00B512A9 /* ActualiteDetailsView.swift */,
				76E9BDD52B194EDB00B512A9 /* ActualiteListView.swift */,
			);
			path = Actualite;
			sourceTree = "<group>";
		};
		76E9BDD92B19553E00B512A9 /* Reclamation */ = {
			isa = PBXGroup;
			children = (
				76E9BDDA2B19558500B512A9 /* ReclamationCardView.swift */,
				76E9BDDC2B1972D300B512A9 /* ReclamationListView.swift */,
				76E3ED802B19B3C900464B7F /* Conversation.swift */,
			);
			path = Reclamation;
			sourceTree = "<group>";
		};
		822CBED52B18026000769D45 /* Components */ = {
			isa = PBXGroup;
			children = (
				822CBED12B18025800769D45 /* PasswordInputField.swift */,
				822CBED22B18025800769D45 /* TextInputField.swift */,
			);
			path = Components;
			sourceTree = "<group>";
		};
		D45E7A972B14BCAB000F0A9C /* splashScreens */ = {
			isa = PBXGroup;
			children = (
				D4C23E632B149FDC002B0E10 /* SplashScreenView.swift */,
				D4C23E652B14A8A3002B0E10 /* SplashScreen1View.swift */,
				D45E7A912B14B0F2000F0A9C /* SplashScreen2View.swift */,
				D45E7A932B14B16D000F0A9C /* SplashScreen3View.swift */,
				D45E7A952B14B290000F0A9C /* SplashScreen4View.swift */,
			);
			path = splashScreens;
			sourceTree = "<group>";
		};
		D4BFF9832B14FE530050DC80 /* Models */ = {
			isa = PBXGroup;
			children = (
				D4BFF9842B14FE710050DC80 /* Event.swift */,
				D4BFF9862B15005D0050DC80 /* Participation.swift */,
				E857A6C72B17E5BD00EC62DE /* Post.swift */,
				E857A6C92B17E5E900EC62DE /* Like.swift */,
				E857A6CB2B17E5FA00EC62DE /* Comment.swift */,
				76E9BDD72B19527800B512A9 /* Actualite.swift */,
			);
			path = Models;
			sourceTree = "<group>";
		};
		D4BFF9882B1500F30050DC80 /* Views */ = {
			isa = PBXGroup;
			children = (
				76E9BDD92B19553E00B512A9 /* Reclamation */,
				76E9BDD02B194DF100B512A9 /* Actualite */,
				E857A6CD2B17E64800EC62DE /* Post */,
				E816FF6E2B1648A4007538BF /* SubViews */,
				D4BFF98B2B15020C0050DC80 /* EventCardView.swift */,
				D4BFF98D2B15059D0050DC80 /* EventListView.swift */,
				D4BFF98F2B1507510050DC80 /* EventDetailsView.swift */,
				E816FF6A2B164839007538BF /* Drawer.swift */,
				E816FF6C2B164870007538BF /* Home.swift */,
				D44CD79D2B173C0D002294CE /* EventEditView.swift */,
				D44CD79F2B174490002294CE /* EventAddView.swift */,
				822CBECB2B18008F00769D45 /* LoginView.swift */,
				822CBECA2B18008F00769D45 /* RegisterView.swift */,
			);
			path = Views;
			sourceTree = "<group>";
		};
		D4C23E262B148B30002B0E10 = {
			isa = PBXGroup;
			children = (
				D4C23E312B148B30002B0E10 /* Aqua Guard */,
				D4C23E472B148B31002B0E10 /* Aqua GuardTests */,
				D4C23E512B148B31002B0E10 /* Aqua GuardUITests */,
				D4C23E302B148B30002B0E10 /* Products */,
			);
			sourceTree = "<group>";
		};
		D4C23E302B148B30002B0E10 /* Products */ = {
			isa = PBXGroup;
			children = (
				D4C23E2F2B148B30002B0E10 /* Aqua Guard.app */,
				D4C23E442B148B31002B0E10 /* Aqua GuardTests.xctest */,
				D4C23E4E2B148B31002B0E10 /* Aqua GuardUITests.xctest */,
			);
			name = Products;
			sourceTree = "<group>";
		};
		D4C23E312B148B30002B0E10 /* Aqua Guard */ = {
			isa = PBXGroup;
			children = (
				822CBED52B18026000769D45 /* Components */,
				E816FF672B1647A7007538BF /* Menu */,
				E816FF622B1645FC007538BF /* ViewModel */,
				D4BFF9882B1500F30050DC80 /* Views */,
				D4BFF9832B14FE530050DC80 /* Models */,
				D45E7A972B14BCAB000F0A9C /* splashScreens */,
				D4C23E322B148B30002B0E10 /* Aqua_GuardApp.swift */,
				D4C23E342B148B30002B0E10 /* ContentView.swift */,
				D4C23E362B148B31002B0E10 /* Assets.xcassets */,
				D4C23E3B2B148B31002B0E10 /* Persistence.swift */,
				D4C23E3D2B148B31002B0E10 /* Aqua_Guard.xcdatamodeld */,
				D4C23E382B148B31002B0E10 /* Preview Content */,
			);
			path = "Aqua Guard";
			sourceTree = "<group>";
		};
		D4C23E382B148B31002B0E10 /* Preview Content */ = {
			isa = PBXGroup;
			children = (
				D4C23E392B148B31002B0E10 /* Preview Assets.xcassets */,
			);
			path = "Preview Content";
			sourceTree = "<group>";
		};
		D4C23E472B148B31002B0E10 /* Aqua GuardTests */ = {
			isa = PBXGroup;
			children = (
				D4C23E482B148B31002B0E10 /* Aqua_GuardTests.swift */,
			);
			path = "Aqua GuardTests";
			sourceTree = "<group>";
		};
		D4C23E512B148B31002B0E10 /* Aqua GuardUITests */ = {
			isa = PBXGroup;
			children = (
				D4C23E522B148B31002B0E10 /* Aqua_GuardUITests.swift */,
				D4C23E542B148B31002B0E10 /* Aqua_GuardUITestsLaunchTests.swift */,
			);
			path = "Aqua GuardUITests";
			sourceTree = "<group>";
		};
		E816FF622B1645FC007538BF /* ViewModel */ = {
			isa = PBXGroup;
			children = (
				E816FF652B16475C007538BF /* DrawerMenuModel.swift */,
				D44CD7A12B174EF2002294CE /* EventViewModel.swift */,
				D44CD7A32B175D23002294CE /* MyEventViewModel.swift */,
				E8C391F72B188C6100EA3872 /* PostViewModel.swift */,
			);
			path = ViewModel;
			sourceTree = "<group>";
		};
		E816FF672B1647A7007538BF /* Menu */ = {
			isa = PBXGroup;
			children = (
				E816FF682B1647C6007538BF /* DrawerMenuButton.swift */,
			);
			path = Menu;
			sourceTree = "<group>";
		};
		E816FF6E2B1648A4007538BF /* SubViews */ = {
			isa = PBXGroup;
			children = (
				E816FF6F2B1648E8007538BF /* MyCalendar.swift */,
				E816FF712B164905007538BF /* Notification.swift */,
				E816FF732B164938007538BF /* MyEvents.swift */,
				E816FF752B164956007538BF /* MyPosts.swift */,
				E816FF772B16496E007538BF /* Command.swift */,
			);
			path = SubViews;
			sourceTree = "<group>";
		};
		E857A6CD2B17E64800EC62DE /* Post */ = {
			isa = PBXGroup;
			children = (
				E857A6CE2B17E66000EC62DE /* PostCardView.swift */,
				E857A6D02B17E69500EC62DE /* CommentCardView.swift */,
				E857A6D22B17EA4600EC62DE /* PostListView.swift */,
				E8C391F92B1899FB00EA3872 /* PostDetailView.swift */,
			);
			path = Post;
			sourceTree = "<group>";
		};
/* End PBXGroup section */

/* Begin PBXNativeTarget section */
		D4C23E2E2B148B30002B0E10 /* Aqua Guard */ = {
			isa = PBXNativeTarget;
			buildConfigurationList = D4C23E582B148B31002B0E10 /* Build configuration list for PBXNativeTarget "Aqua Guard" */;
			buildPhases = (
				D4C23E2B2B148B30002B0E10 /* Sources */,
				D4C23E2C2B148B30002B0E10 /* Frameworks */,
				D4C23E2D2B148B30002B0E10 /* Resources */,
			);
			buildRules = (
			);
			dependencies = (
			);
			name = "Aqua Guard";
			productName = "Aqua Guard";
			productReference = D4C23E2F2B148B30002B0E10 /* Aqua Guard.app */;
			productType = "com.apple.product-type.application";
		};
		D4C23E432B148B31002B0E10 /* Aqua GuardTests */ = {
			isa = PBXNativeTarget;
			buildConfigurationList = D4C23E5B2B148B31002B0E10 /* Build configuration list for PBXNativeTarget "Aqua GuardTests" */;
			buildPhases = (
				D4C23E402B148B31002B0E10 /* Sources */,
				D4C23E412B148B31002B0E10 /* Frameworks */,
				D4C23E422B148B31002B0E10 /* Resources */,
			);
			buildRules = (
			);
			dependencies = (
				D4C23E462B148B31002B0E10 /* PBXTargetDependency */,
			);
			name = "Aqua GuardTests";
			productName = "Aqua GuardTests";
			productReference = D4C23E442B148B31002B0E10 /* Aqua GuardTests.xctest */;
			productType = "com.apple.product-type.bundle.unit-test";
		};
		D4C23E4D2B148B31002B0E10 /* Aqua GuardUITests */ = {
			isa = PBXNativeTarget;
			buildConfigurationList = D4C23E5E2B148B31002B0E10 /* Build configuration list for PBXNativeTarget "Aqua GuardUITests" */;
			buildPhases = (
				D4C23E4A2B148B31002B0E10 /* Sources */,
				D4C23E4B2B148B31002B0E10 /* Frameworks */,
				D4C23E4C2B148B31002B0E10 /* Resources */,
			);
			buildRules = (
			);
			dependencies = (
				D4C23E502B148B31002B0E10 /* PBXTargetDependency */,
			);
			name = "Aqua GuardUITests";
			productName = "Aqua GuardUITests";
			productReference = D4C23E4E2B148B31002B0E10 /* Aqua GuardUITests.xctest */;
			productType = "com.apple.product-type.bundle.ui-testing";
		};
/* End PBXNativeTarget section */

/* Begin PBXProject section */
		D4C23E272B148B30002B0E10 /* Project object */ = {
			isa = PBXProject;
			attributes = {
				BuildIndependentTargetsInParallel = 1;
				LastSwiftUpdateCheck = 1500;
				LastUpgradeCheck = 1500;
				TargetAttributes = {
					D4C23E2E2B148B30002B0E10 = {
						CreatedOnToolsVersion = 15.0.1;
					};
					D4C23E432B148B31002B0E10 = {
						CreatedOnToolsVersion = 15.0.1;
						TestTargetID = D4C23E2E2B148B30002B0E10;
					};
					D4C23E4D2B148B31002B0E10 = {
						CreatedOnToolsVersion = 15.0.1;
						TestTargetID = D4C23E2E2B148B30002B0E10;
					};
				};
			};
			buildConfigurationList = D4C23E2A2B148B30002B0E10 /* Build configuration list for PBXProject "Aqua Guard" */;
			compatibilityVersion = "Xcode 14.0";
			developmentRegion = en;
			hasScannedForEncodings = 0;
			knownRegions = (
				en,
				Base,
			);
			mainGroup = D4C23E262B148B30002B0E10;
			productRefGroup = D4C23E302B148B30002B0E10 /* Products */;
			projectDirPath = "";
			projectRoot = "";
			targets = (
				D4C23E2E2B148B30002B0E10 /* Aqua Guard */,
				D4C23E432B148B31002B0E10 /* Aqua GuardTests */,
				D4C23E4D2B148B31002B0E10 /* Aqua GuardUITests */,
			);
		};
/* End PBXProject section */

/* Begin PBXResourcesBuildPhase section */
		D4C23E2D2B148B30002B0E10 /* Resources */ = {
			isa = PBXResourcesBuildPhase;
			buildActionMask = 2147483647;
			files = (
				D4C23E3A2B148B31002B0E10 /* Preview Assets.xcassets in Resources */,
				D4C23E372B148B31002B0E10 /* Assets.xcassets in Resources */,
			);
			runOnlyForDeploymentPostprocessing = 0;
		};
		D4C23E422B148B31002B0E10 /* Resources */ = {
			isa = PBXResourcesBuildPhase;
			buildActionMask = 2147483647;
			files = (
			);
			runOnlyForDeploymentPostprocessing = 0;
		};
		D4C23E4C2B148B31002B0E10 /* Resources */ = {
			isa = PBXResourcesBuildPhase;
			buildActionMask = 2147483647;
			files = (
			);
			runOnlyForDeploymentPostprocessing = 0;
		};
/* End PBXResourcesBuildPhase section */

/* Begin PBXSourcesBuildPhase section */
		D4C23E2B2B148B30002B0E10 /* Sources */ = {
			isa = PBXSourcesBuildPhase;
			buildActionMask = 2147483647;
			files = (
				76E9BDDB2B19558500B512A9 /* ReclamationCardView.swift in Sources */,
				D45E7A922B14B0F2000F0A9C /* SplashScreen2View.swift in Sources */,
				76E3ED812B19B3C900464B7F /* Conversation.swift in Sources */,
				76E9BDD62B194EDB00B512A9 /* ActualiteListView.swift in Sources */,
				822CBECD2B18008F00769D45 /* LoginView.swift in Sources */,
				D44CD7A02B174490002294CE /* EventAddView.swift in Sources */,
				D4C23E3C2B148B31002B0E10 /* Persistence.swift in Sources */,
				D4C23E3F2B148B31002B0E10 /* Aqua_Guard.xcdatamodeld in Sources */,
				D4BFF9872B15005D0050DC80 /* Participation.swift in Sources */,
				E816FF6D2B164870007538BF /* Home.swift in Sources */,
				76E9BDDD2B1972D300B512A9 /* ReclamationListView.swift in Sources */,
				E8C391F82B188C6100EA3872 /* PostViewModel.swift in Sources */,
				E816FF762B164956007538BF /* MyPosts.swift in Sources */,
				E816FF742B164938007538BF /* MyEvents.swift in Sources */,
				D45E7A942B14B16D000F0A9C /* SplashScreen3View.swift in Sources */,
				D4BFF9852B14FE710050DC80 /* Event.swift in Sources */,
				E8C391FA2B1899FB00EA3872 /* PostDetailView.swift in Sources */,
				E857A6CF2B17E66000EC62DE /* PostCardView.swift in Sources */,
				D44CD79E2B173C0D002294CE /* EventEditView.swift in Sources */,
				E816FF662B16475C007538BF /* DrawerMenuModel.swift in Sources */,
				E816FF692B1647C6007538BF /* DrawerMenuButton.swift in Sources */,
				D4BFF9902B1507510050DC80 /* EventDetailsView.swift in Sources */,
				D4C23E642B149FDC002B0E10 /* SplashScreenView.swift in Sources */,
				E857A6D32B17EA4600EC62DE /* PostListView.swift in Sources */,
				D4C23E352B148B30002B0E10 /* ContentView.swift in Sources */,
				D4BFF98E2B15059D0050DC80 /* EventListView.swift in Sources */,
				822CBECC2B18008F00769D45 /* RegisterView.swift in Sources */,
				822CBED42B18025800769D45 /* TextInputField.swift in Sources */,
				76E9BDD42B194E7C00B512A9 /* ActualiteDetailsView.swift in Sources */,
				D45E7A962B14B290000F0A9C /* SplashScreen4View.swift in Sources */,
				D4BFF98C2B15020C0050DC80 /* EventCardView.swift in Sources */,
				76E9BDD82B19527800B512A9 /* Actualite.swift in Sources */,
				E857A6C82B17E5BD00EC62DE /* Post.swift in Sources */,
				E816FF702B1648E8007538BF /* MyCalendar.swift in Sources */,
				E816FF722B164905007538BF /* Notification.swift in Sources */,
				E816FF782B16496E007538BF /* Command.swift in Sources */,
				E857A6D12B17E69500EC62DE /* CommentCardView.swift in Sources */,
				D44CD7A42B175D23002294CE /* MyEventViewModel.swift in Sources */,
				D4C23E332B148B30002B0E10 /* Aqua_GuardApp.swift in Sources */,
				E857A6CC2B17E5FA00EC62DE /* Comment.swift in Sources */,
				D44CD7A22B174EF2002294CE /* EventViewModel.swift in Sources */,
				76E9BDD22B194E4000B512A9 /* ActualiteCardView.swift in Sources */,
				D4C23E662B14A8A3002B0E10 /* SplashScreen1View.swift in Sources */,
				E857A6CA2B17E5E900EC62DE /* Like.swift in Sources */,
				822CBED32B18025800769D45 /* PasswordInputField.swift in Sources */,
				E816FF6B2B164839007538BF /* Drawer.swift in Sources */,
			);
			runOnlyForDeploymentPostprocessing = 0;
		};
		D4C23E402B148B31002B0E10 /* Sources */ = {
			isa = PBXSourcesBuildPhase;
			buildActionMask = 2147483647;
			files = (
				D4C23E492B148B31002B0E10 /* Aqua_GuardTests.swift in Sources */,
			);
			runOnlyForDeploymentPostprocessing = 0;
		};
		D4C23E4A2B148B31002B0E10 /* Sources */ = {
			isa = PBXSourcesBuildPhase;
			buildActionMask = 2147483647;
			files = (
				D4C23E552B148B31002B0E10 /* Aqua_GuardUITestsLaunchTests.swift in Sources */,
				D4C23E532B148B31002B0E10 /* Aqua_GuardUITests.swift in Sources */,
			);
			runOnlyForDeploymentPostprocessing = 0;
		};
/* End PBXSourcesBuildPhase section */

/* Begin PBXTargetDependency section */
		D4C23E462B148B31002B0E10 /* PBXTargetDependency */ = {
			isa = PBXTargetDependency;
			target = D4C23E2E2B148B30002B0E10 /* Aqua Guard */;
			targetProxy = D4C23E452B148B31002B0E10 /* PBXContainerItemProxy */;
		};
		D4C23E502B148B31002B0E10 /* PBXTargetDependency */ = {
			isa = PBXTargetDependency;
			target = D4C23E2E2B148B30002B0E10 /* Aqua Guard */;
			targetProxy = D4C23E4F2B148B31002B0E10 /* PBXContainerItemProxy */;
		};
/* End PBXTargetDependency section */

/* Begin XCBuildConfiguration section */
		D4C23E562B148B31002B0E10 /* Debug */ = {
			isa = XCBuildConfiguration;
			buildSettings = {
				ALWAYS_SEARCH_USER_PATHS = NO;
				ASSETCATALOG_COMPILER_GENERATE_SWIFT_ASSET_SYMBOL_EXTENSIONS = YES;
				CLANG_ANALYZER_NONNULL = YES;
				CLANG_ANALYZER_NUMBER_OBJECT_CONVERSION = YES_AGGRESSIVE;
				CLANG_CXX_LANGUAGE_STANDARD = "gnu++20";
				CLANG_ENABLE_MODULES = YES;
				CLANG_ENABLE_OBJC_ARC = YES;
				CLANG_ENABLE_OBJC_WEAK = YES;
				CLANG_WARN_BLOCK_CAPTURE_AUTORELEASING = YES;
				CLANG_WARN_BOOL_CONVERSION = YES;
				CLANG_WARN_COMMA = YES;
				CLANG_WARN_CONSTANT_CONVERSION = YES;
				CLANG_WARN_DEPRECATED_OBJC_IMPLEMENTATIONS = YES;
				CLANG_WARN_DIRECT_OBJC_ISA_USAGE = YES_ERROR;
				CLANG_WARN_DOCUMENTATION_COMMENTS = YES;
				CLANG_WARN_EMPTY_BODY = YES;
				CLANG_WARN_ENUM_CONVERSION = YES;
				CLANG_WARN_INFINITE_RECURSION = YES;
				CLANG_WARN_INT_CONVERSION = YES;
				CLANG_WARN_NON_LITERAL_NULL_CONVERSION = YES;
				CLANG_WARN_OBJC_IMPLICIT_RETAIN_SELF = YES;
				CLANG_WARN_OBJC_LITERAL_CONVERSION = YES;
				CLANG_WARN_OBJC_ROOT_CLASS = YES_ERROR;
				CLANG_WARN_QUOTED_INCLUDE_IN_FRAMEWORK_HEADER = YES;
				CLANG_WARN_RANGE_LOOP_ANALYSIS = YES;
				CLANG_WARN_STRICT_PROTOTYPES = YES;
				CLANG_WARN_SUSPICIOUS_MOVE = YES;
				CLANG_WARN_UNGUARDED_AVAILABILITY = YES_AGGRESSIVE;
				CLANG_WARN_UNREACHABLE_CODE = YES;
				CLANG_WARN__DUPLICATE_METHOD_MATCH = YES;
				COPY_PHASE_STRIP = NO;
				DEBUG_INFORMATION_FORMAT = dwarf;
				ENABLE_STRICT_OBJC_MSGSEND = YES;
				ENABLE_TESTABILITY = YES;
				ENABLE_USER_SCRIPT_SANDBOXING = YES;
				GCC_C_LANGUAGE_STANDARD = gnu17;
				GCC_DYNAMIC_NO_PIC = NO;
				GCC_NO_COMMON_BLOCKS = YES;
				GCC_OPTIMIZATION_LEVEL = 0;
				GCC_PREPROCESSOR_DEFINITIONS = (
					"DEBUG=1",
					"$(inherited)",
				);
				GCC_WARN_64_TO_32_BIT_CONVERSION = YES;
				GCC_WARN_ABOUT_RETURN_TYPE = YES_ERROR;
				GCC_WARN_UNDECLARED_SELECTOR = YES;
				GCC_WARN_UNINITIALIZED_AUTOS = YES_AGGRESSIVE;
				GCC_WARN_UNUSED_FUNCTION = YES;
				GCC_WARN_UNUSED_VARIABLE = YES;
				IPHONEOS_DEPLOYMENT_TARGET = 17.0;
				LOCALIZATION_PREFERS_STRING_CATALOGS = YES;
				MTL_ENABLE_DEBUG_INFO = INCLUDE_SOURCE;
				MTL_FAST_MATH = YES;
				ONLY_ACTIVE_ARCH = YES;
				SDKROOT = iphoneos;
				SWIFT_ACTIVE_COMPILATION_CONDITIONS = "DEBUG $(inherited)";
				SWIFT_OPTIMIZATION_LEVEL = "-Onone";
			};
			name = Debug;
		};
		D4C23E572B148B31002B0E10 /* Release */ = {
			isa = XCBuildConfiguration;
			buildSettings = {
				ALWAYS_SEARCH_USER_PATHS = NO;
				ASSETCATALOG_COMPILER_GENERATE_SWIFT_ASSET_SYMBOL_EXTENSIONS = YES;
				CLANG_ANALYZER_NONNULL = YES;
				CLANG_ANALYZER_NUMBER_OBJECT_CONVERSION = YES_AGGRESSIVE;
				CLANG_CXX_LANGUAGE_STANDARD = "gnu++20";
				CLANG_ENABLE_MODULES = YES;
				CLANG_ENABLE_OBJC_ARC = YES;
				CLANG_ENABLE_OBJC_WEAK = YES;
				CLANG_WARN_BLOCK_CAPTURE_AUTORELEASING = YES;
				CLANG_WARN_BOOL_CONVERSION = YES;
				CLANG_WARN_COMMA = YES;
				CLANG_WARN_CONSTANT_CONVERSION = YES;
				CLANG_WARN_DEPRECATED_OBJC_IMPLEMENTATIONS = YES;
				CLANG_WARN_DIRECT_OBJC_ISA_USAGE = YES_ERROR;
				CLANG_WARN_DOCUMENTATION_COMMENTS = YES;
				CLANG_WARN_EMPTY_BODY = YES;
				CLANG_WARN_ENUM_CONVERSION = YES;
				CLANG_WARN_INFINITE_RECURSION = YES;
				CLANG_WARN_INT_CONVERSION = YES;
				CLANG_WARN_NON_LITERAL_NULL_CONVERSION = YES;
				CLANG_WARN_OBJC_IMPLICIT_RETAIN_SELF = YES;
				CLANG_WARN_OBJC_LITERAL_CONVERSION = YES;
				CLANG_WARN_OBJC_ROOT_CLASS = YES_ERROR;
				CLANG_WARN_QUOTED_INCLUDE_IN_FRAMEWORK_HEADER = YES;
				CLANG_WARN_RANGE_LOOP_ANALYSIS = YES;
				CLANG_WARN_STRICT_PROTOTYPES = YES;
				CLANG_WARN_SUSPICIOUS_MOVE = YES;
				CLANG_WARN_UNGUARDED_AVAILABILITY = YES_AGGRESSIVE;
				CLANG_WARN_UNREACHABLE_CODE = YES;
				CLANG_WARN__DUPLICATE_METHOD_MATCH = YES;
				COPY_PHASE_STRIP = NO;
				DEBUG_INFORMATION_FORMAT = "dwarf-with-dsym";
				ENABLE_NS_ASSERTIONS = NO;
				ENABLE_STRICT_OBJC_MSGSEND = YES;
				ENABLE_USER_SCRIPT_SANDBOXING = YES;
				GCC_C_LANGUAGE_STANDARD = gnu17;
				GCC_NO_COMMON_BLOCKS = YES;
				GCC_WARN_64_TO_32_BIT_CONVERSION = YES;
				GCC_WARN_ABOUT_RETURN_TYPE = YES_ERROR;
				GCC_WARN_UNDECLARED_SELECTOR = YES;
				GCC_WARN_UNINITIALIZED_AUTOS = YES_AGGRESSIVE;
				GCC_WARN_UNUSED_FUNCTION = YES;
				GCC_WARN_UNUSED_VARIABLE = YES;
				IPHONEOS_DEPLOYMENT_TARGET = 17.0;
				LOCALIZATION_PREFERS_STRING_CATALOGS = YES;
				MTL_ENABLE_DEBUG_INFO = NO;
				MTL_FAST_MATH = YES;
				SDKROOT = iphoneos;
				SWIFT_COMPILATION_MODE = wholemodule;
				VALIDATE_PRODUCT = YES;
			};
			name = Release;
		};
		D4C23E592B148B31002B0E10 /* Debug */ = {
			isa = XCBuildConfiguration;
			buildSettings = {
				ASSETCATALOG_COMPILER_APPICON_NAME = AppIcon;
				ASSETCATALOG_COMPILER_GLOBAL_ACCENT_COLOR_NAME = AccentColor;
				CODE_SIGN_STYLE = Automatic;
				CURRENT_PROJECT_VERSION = 1;
				DEVELOPMENT_ASSET_PATHS = "\"Aqua Guard/Preview Content\"";
				ENABLE_PREVIEWS = YES;
				GENERATE_INFOPLIST_FILE = YES;
				INFOPLIST_KEY_UIApplicationSceneManifest_Generation = YES;
				INFOPLIST_KEY_UIApplicationSupportsIndirectInputEvents = YES;
				INFOPLIST_KEY_UILaunchScreen_Generation = YES;
				INFOPLIST_KEY_UISupportedInterfaceOrientations_iPad = "UIInterfaceOrientationPortrait UIInterfaceOrientationPortraitUpsideDown UIInterfaceOrientationLandscapeLeft UIInterfaceOrientationLandscapeRight";
				INFOPLIST_KEY_UISupportedInterfaceOrientations_iPhone = "UIInterfaceOrientationPortrait UIInterfaceOrientationLandscapeLeft UIInterfaceOrientationLandscapeRight";
				LD_RUNPATH_SEARCH_PATHS = (
					"$(inherited)",
					"@executable_path/Frameworks",
				);
				MARKETING_VERSION = 1.0;
				PRODUCT_BUNDLE_IDENTIFIER = "tn.Aqua-Guard";
				PRODUCT_NAME = "$(TARGET_NAME)";
				SWIFT_EMIT_LOC_STRINGS = YES;
				SWIFT_VERSION = 5.0;
				TARGETED_DEVICE_FAMILY = "1,2";
			};
			name = Debug;
		};
		D4C23E5A2B148B31002B0E10 /* Release */ = {
			isa = XCBuildConfiguration;
			buildSettings = {
				ASSETCATALOG_COMPILER_APPICON_NAME = AppIcon;
				ASSETCATALOG_COMPILER_GLOBAL_ACCENT_COLOR_NAME = AccentColor;
				CODE_SIGN_STYLE = Automatic;
				CURRENT_PROJECT_VERSION = 1;
				DEVELOPMENT_ASSET_PATHS = "\"Aqua Guard/Preview Content\"";
				ENABLE_PREVIEWS = YES;
				GENERATE_INFOPLIST_FILE = YES;
				INFOPLIST_KEY_UIApplicationSceneManifest_Generation = YES;
				INFOPLIST_KEY_UIApplicationSupportsIndirectInputEvents = YES;
				INFOPLIST_KEY_UILaunchScreen_Generation = YES;
				INFOPLIST_KEY_UISupportedInterfaceOrientations_iPad = "UIInterfaceOrientationPortrait UIInterfaceOrientationPortraitUpsideDown UIInterfaceOrientationLandscapeLeft UIInterfaceOrientationLandscapeRight";
				INFOPLIST_KEY_UISupportedInterfaceOrientations_iPhone = "UIInterfaceOrientationPortrait UIInterfaceOrientationLandscapeLeft UIInterfaceOrientationLandscapeRight";
				LD_RUNPATH_SEARCH_PATHS = (
					"$(inherited)",
					"@executable_path/Frameworks",
				);
				MARKETING_VERSION = 1.0;
				PRODUCT_BUNDLE_IDENTIFIER = "tn.Aqua-Guard";
				PRODUCT_NAME = "$(TARGET_NAME)";
				SWIFT_EMIT_LOC_STRINGS = YES;
				SWIFT_VERSION = 5.0;
				TARGETED_DEVICE_FAMILY = "1,2";
			};
			name = Release;
		};
		D4C23E5C2B148B31002B0E10 /* Debug */ = {
			isa = XCBuildConfiguration;
			buildSettings = {
				ALWAYS_EMBED_SWIFT_STANDARD_LIBRARIES = YES;
				BUNDLE_LOADER = "$(TEST_HOST)";
				CODE_SIGN_STYLE = Automatic;
				CURRENT_PROJECT_VERSION = 1;
				GENERATE_INFOPLIST_FILE = YES;
				IPHONEOS_DEPLOYMENT_TARGET = 17.0;
				MARKETING_VERSION = 1.0;
				PRODUCT_BUNDLE_IDENTIFIER = "tn.Aqua-GuardTests";
				PRODUCT_NAME = "$(TARGET_NAME)";
				SWIFT_EMIT_LOC_STRINGS = NO;
				SWIFT_VERSION = 5.0;
				TARGETED_DEVICE_FAMILY = "1,2";
				TEST_HOST = "$(BUILT_PRODUCTS_DIR)/Aqua Guard.app/$(BUNDLE_EXECUTABLE_FOLDER_PATH)/Aqua Guard";
			};
			name = Debug;
		};
		D4C23E5D2B148B31002B0E10 /* Release */ = {
			isa = XCBuildConfiguration;
			buildSettings = {
				ALWAYS_EMBED_SWIFT_STANDARD_LIBRARIES = YES;
				BUNDLE_LOADER = "$(TEST_HOST)";
				CODE_SIGN_STYLE = Automatic;
				CURRENT_PROJECT_VERSION = 1;
				GENERATE_INFOPLIST_FILE = YES;
				IPHONEOS_DEPLOYMENT_TARGET = 17.0;
				MARKETING_VERSION = 1.0;
				PRODUCT_BUNDLE_IDENTIFIER = "tn.Aqua-GuardTests";
				PRODUCT_NAME = "$(TARGET_NAME)";
				SWIFT_EMIT_LOC_STRINGS = NO;
				SWIFT_VERSION = 5.0;
				TARGETED_DEVICE_FAMILY = "1,2";
				TEST_HOST = "$(BUILT_PRODUCTS_DIR)/Aqua Guard.app/$(BUNDLE_EXECUTABLE_FOLDER_PATH)/Aqua Guard";
			};
			name = Release;
		};
		D4C23E5F2B148B31002B0E10 /* Debug */ = {
			isa = XCBuildConfiguration;
			buildSettings = {
				ALWAYS_EMBED_SWIFT_STANDARD_LIBRARIES = YES;
				CODE_SIGN_STYLE = Automatic;
				CURRENT_PROJECT_VERSION = 1;
				GENERATE_INFOPLIST_FILE = YES;
				MARKETING_VERSION = 1.0;
				PRODUCT_BUNDLE_IDENTIFIER = "tn.Aqua-GuardUITests";
				PRODUCT_NAME = "$(TARGET_NAME)";
				SWIFT_EMIT_LOC_STRINGS = NO;
				SWIFT_VERSION = 5.0;
				TARGETED_DEVICE_FAMILY = "1,2";
				TEST_TARGET_NAME = "Aqua Guard";
			};
			name = Debug;
		};
		D4C23E602B148B31002B0E10 /* Release */ = {
			isa = XCBuildConfiguration;
			buildSettings = {
				ALWAYS_EMBED_SWIFT_STANDARD_LIBRARIES = YES;
				CODE_SIGN_STYLE = Automatic;
				CURRENT_PROJECT_VERSION = 1;
				GENERATE_INFOPLIST_FILE = YES;
				MARKETING_VERSION = 1.0;
				PRODUCT_BUNDLE_IDENTIFIER = "tn.Aqua-GuardUITests";
				PRODUCT_NAME = "$(TARGET_NAME)";
				SWIFT_EMIT_LOC_STRINGS = NO;
				SWIFT_VERSION = 5.0;
				TARGETED_DEVICE_FAMILY = "1,2";
				TEST_TARGET_NAME = "Aqua Guard";
			};
			name = Release;
		};
/* End XCBuildConfiguration section */

/* Begin XCConfigurationList section */
		D4C23E2A2B148B30002B0E10 /* Build configuration list for PBXProject "Aqua Guard" */ = {
			isa = XCConfigurationList;
			buildConfigurations = (
				D4C23E562B148B31002B0E10 /* Debug */,
				D4C23E572B148B31002B0E10 /* Release */,
			);
			defaultConfigurationIsVisible = 0;
			defaultConfigurationName = Release;
		};
		D4C23E582B148B31002B0E10 /* Build configuration list for PBXNativeTarget "Aqua Guard" */ = {
			isa = XCConfigurationList;
			buildConfigurations = (
				D4C23E592B148B31002B0E10 /* Debug */,
				D4C23E5A2B148B31002B0E10 /* Release */,
			);
			defaultConfigurationIsVisible = 0;
			defaultConfigurationName = Release;
		};
		D4C23E5B2B148B31002B0E10 /* Build configuration list for PBXNativeTarget "Aqua GuardTests" */ = {
			isa = XCConfigurationList;
			buildConfigurations = (
				D4C23E5C2B148B31002B0E10 /* Debug */,
				D4C23E5D2B148B31002B0E10 /* Release */,
			);
			defaultConfigurationIsVisible = 0;
			defaultConfigurationName = Release;
		};
		D4C23E5E2B148B31002B0E10 /* Build configuration list for PBXNativeTarget "Aqua GuardUITests" */ = {
			isa = XCConfigurationList;
			buildConfigurations = (
				D4C23E5F2B148B31002B0E10 /* Debug */,
				D4C23E602B148B31002B0E10 /* Release */,
			);
			defaultConfigurationIsVisible = 0;
			defaultConfigurationName = Release;
		};
/* End XCConfigurationList section */

/* Begin XCVersionGroup section */
		D4C23E3D2B148B31002B0E10 /* Aqua_Guard.xcdatamodeld */ = {
			isa = XCVersionGroup;
			children = (
				D4C23E3E2B148B31002B0E10 /* Aqua_Guard.xcdatamodel */,
			);
			currentVersion = D4C23E3E2B148B31002B0E10 /* Aqua_Guard.xcdatamodel */;
			path = Aqua_Guard.xcdatamodeld;
			sourceTree = "<group>";
			versionGroupType = wrapper.xcdatamodel;
		};
/* End XCVersionGroup section */
	};
	rootObject = D4C23E272B148B30002B0E10 /* Project object */;
}
